
Microsoft Visual Studio Solution File, Format Version 12.00
# Visual Studio Version 17
VisualStudioVersion = 17.12.35707.178
MinimumVisualStudioVersion = 10.0.40219.1
Project("{FAE04EC0-301F-11D3-BF4B-00C04F79EFBC}") = "HotelBooking.Api", "HotelBooking.Api\HotelBooking.Api.csproj", "{4CD1EE24-B3E9-4A85-A6F4-08F23488DA03}"
EndProject
Project("{FAE04EC0-301F-11D3-BF4B-00C04F79EFBC}") = "HotelBooking.Application", "HotelBooking.Application\HotelBooking.Application.csproj", "{0680F439-2B7E-43F1-9676-C161A184A1D4}"
EndProject
Project("{FAE04EC0-301F-11D3-BF4B-00C04F79EFBC}") = "HotelBooking.Domain", "HotelBooking.Domain\HotelBooking.Domain.csproj", "{B5115950-37AD-4A73-BE24-7A0EDA69811C}"
EndProject
Project("{FAE04EC0-301F-11D3-BF4B-00C04F79EFBC}") = "HotelBooking.Infrastructure", "HotelBooking.Infrastructure\HotelBooking.Infrastructure.csproj", "{BF6E11E3-CE06-43B2-B143-31FCA566B4BE}"
EndProject
Global
	GlobalSection(SolutionConfigurationPlatforms) = preSolution
		Debug|Any CPU = Debug|Any CPU
		Release|Any CPU = Release|Any CPU
	EndGlobalSection
	GlobalSection(ProjectConfigurationPlatforms) = postSolution
		{4CD1EE24-B3E9-4A85-A6F4-08F23488DA03}.Debug|Any CPU.ActiveCfg = Debug|Any CPU
		{4CD1EE24-B3E9-4A85-A6F4-08F23488DA03}.Debug|Any CPU.Build.0 = Debug|Any CPU
		{4CD1EE24-B3E9-4A85-A6F4-08F23488DA03}.Release|Any CPU.ActiveCfg = Release|Any CPU
		{4CD1EE24-B3E9-4A85-A6F4-08F23488DA03}.Release|Any CPU.Build.0 = Release|Any CPU
		{0680F439-2B7E-43F1-9676-C161A184A1D4}.Debug|Any CPU.ActiveCfg = Debug|Any CPU
		{0680F439-2B7E-43F1-9676-C161A184A1D4}.Debug|Any CPU.Build.0 = Debug|Any CPU
		{0680F439-2B7E-43F1-9676-C161A184A1D4}.Release|Any CPU.ActiveCfg = Release|Any CPU
		{0680F439-2B7E-43F1-9676-C161A184A1D4}.Release|Any CPU.Build.0 = Release|Any CPU
		{B5115950-37AD-4A73-BE24-7A0EDA69811C}.Debug|Any CPU.ActiveCfg = Debug|Any CPU
		{B5115950-37AD-4A73-BE24-7A0EDA69811C}.Debug|Any CPU.Build.0 = Debug|Any CPU
		{B5115950-37AD-4A73-BE24-7A0EDA69811C}.Release|Any CPU.ActiveCfg = Release|Any CPU
		{B5115950-37AD-4A73-BE24-7A0EDA69811C}.Release|Any CPU.Build.0 = Release|Any CPU
		{BF6E11E3-CE06-43B2-B143-31FCA566B4BE}.Debug|Any CPU.ActiveCfg = Debug|Any CPU
		{BF6E11E3-CE06-43B2-B143-31FCA566B4BE}.Debug|Any CPU.Build.0 = Debug|Any CPU
		{BF6E11E3-CE06-43B2-B143-31FCA566B4BE}.Release|Any CPU.ActiveCfg = Release|Any CPU
		{BF6E11E3-CE06-43B2-B143-31FCA566B4BE}.Release|Any CPU.Build.0 = Release|Any CPU
	EndGlobalSection
	GlobalSection(SolutionProperties) = preSolution
		HideSolutionNode = FALSE
	EndGlobalSection
	GlobalSection(ExtensibilityGlobals) = postSolution
		SolutionGuid = {08F4145D-9FE4-4FE8-A5EA-676876D422A8}
	EndGlobalSection
EndGlobal
